
Microsoft Visual Studio Solution File, Format Version 12.00
# Visual Studio Version 16
VisualStudioVersion = 16.0.31005.135
MinimumVisualStudioVersion = 10.0.40219.1
Project("{9A19103F-16F7-4668-BE54-9A1E7A4F7556}") = "ApplicationWatcher.Service.Api", "ApplicationWatcher.Service.Api\ApplicationWatcher.Service.Api.csproj", "{88834161-D302-4103-992D-6A0FE67BB48A}"
EndProject
Project("{9A19103F-16F7-4668-BE54-9A1E7A4F7556}") = "ApplicationWatcher.Service.Utils", "ApplicationWatcher.Service.Utils\ApplicationWatcher.Service.Utils.csproj", "{CCF4E173-126D-40A3-8B7E-A9454C305D34}"
EndProject
Project("{9A19103F-16F7-4668-BE54-9A1E7A4F7556}") = "ApplicationWatcher.Grpc.Client", "ApplicationWatcher.Grpc.Client\ApplicationWatcher.Grpc.Client.csproj", "{154F737E-93A3-4689-8305-02381EAC315E}"
EndProject
Project("{9A19103F-16F7-4668-BE54-9A1E7A4F7556}") = "ApplicationWatcher.Grpc.Core", "ApplicationWatcher.Grpc.Core\ApplicationWatcher.Grpc.Core.csproj", "{5F187043-169D-4615-BEF9-2CE1BEA904C4}"
EndProject
Project("{9A19103F-16F7-4668-BE54-9A1E7A4F7556}") = "ApplicationWatcher.Http.Client", "ApplicationWatcher.Http.Client\ApplicationWatcher.Http.Client.csproj", "{FF4B4293-51A8-499B-A191-344D01D75CD0}"
EndProject
Project("{2150E333-8FDC-42A3-9474-1A3956D46DE8}") = "Grpc", "Grpc", "{2AF7DCA5-37D6-47C8-AFA8-790A398305F7}"
EndProject
Project("{2150E333-8FDC-42A3-9474-1A3956D46DE8}") = "Http", "Http", "{75A0638D-8D96-4525-A470-04AAD25A751C}"
EndProject
Project("{2150E333-8FDC-42A3-9474-1A3956D46DE8}") = "Service", "Service", "{1E9AB194-9EBA-4BDB-847C-258B672FB435}"
EndProject
Project("{FAE04EC0-301F-11D3-BF4B-00C04F79EFBC}") = "ApplicationWatcher.Grpc.Host", "ApplicationWatcher.Grpc.Host\ApplicationWatcher.Grpc.Host.csproj", "{5840FD5F-5D34-4898-A2CB-C00EDB0134E3}"
EndProject
Project("{FAE04EC0-301F-11D3-BF4B-00C04F79EFBC}") = "ApplicationWatcher.Clients.Watched", "ApplicationWatcher.Clients.Watched\ApplicationWatcher.Clients.Watched.csproj", "{99125C6E-A9A0-4C5B-A594-43E2E66BDE2A}"
EndProject
Project("{2150E333-8FDC-42A3-9474-1A3956D46DE8}") = "Clients", "Clients", "{86DA6934-BC32-4EE5-82D4-74A5017A3C5D}"
EndProject
Project("{FAE04EC0-301F-11D3-BF4B-00C04F79EFBC}") = "ApplicationWatcher.Clients.Utils", "ApplicationWatcher.Clients.Utils\ApplicationWatcher.Clients.Utils.csproj", "{5A89E071-CBEC-412C-9E96-AE5B37884272}"
EndProject
Project("{FAE04EC0-301F-11D3-BF4B-00C04F79EFBC}") = "ApplicationWatcher.Clients.Watching", "ApplicationWatcher.Clients.Watching\ApplicationWatcher.Clients.Watching.csproj", "{8CB0140E-4676-499D-82F4-C10D1A7C8698}"
EndProject
Project("{2150E333-8FDC-42A3-9474-1A3956D46DE8}") = "Setup", "Setup", "{8DE23041-10D3-498B-9915-98D894223A28}"
EndProject
Project("{930C7802-8A8C-48F9-8165-68863BCCD9DD}") = "ApplicationWatcher.Service.Setup", "ApplicationWatcher.Service.Setup\ApplicationWatcher.Service.Setup.wixproj", "{08AD12E7-54E1-4C12-8E60-1DD4AD8B0040}"
EndProject
Project("{2150E333-8FDC-42A3-9474-1A3956D46DE8}") = "Tests", "Tests", "{3122C863-930D-47E8-AA89-01390B5A0F20}"
EndProject
Project("{2150E333-8FDC-42A3-9474-1A3956D46DE8}") = "Service", "Service", "{6710CBF0-1D6D-436C-A364-C54EEA9DB357}"
EndProject
Project("{9A19103F-16F7-4668-BE54-9A1E7A4F7556}") = "ApplicationWatcher.Service.Utils.Tests", "ApplicationWatcher.Service.Utils.Tests\ApplicationWatcher.Service.Utils.Tests.csproj", "{C997F595-A54B-47FC-9AD1-28136D37359F}"
EndProject
Project("{9A19103F-16F7-4668-BE54-9A1E7A4F7556}") = "ApplicationWatcher.Service.Api.Tests", "ApplicationWatcher.Service.Api.Tests\ApplicationWatcher.Service.Api.Tests.csproj", "{7D3A53E5-0487-4885-90D2-F1E9640F0C27}"
EndProject
Global
	GlobalSection(SolutionConfigurationPlatforms) = preSolution
		Debug|Any CPU = Debug|Any CPU
		Debug|x86 = Debug|x86
		Release|Any CPU = Release|Any CPU
		Release|x86 = Release|x86
	EndGlobalSection
	GlobalSection(ProjectConfigurationPlatforms) = postSolution
		{88834161-D302-4103-992D-6A0FE67BB48A}.Debug|Any CPU.ActiveCfg = Debug|Any CPU
		{88834161-D302-4103-992D-6A0FE67BB48A}.Debug|Any CPU.Build.0 = Debug|Any CPU
		{88834161-D302-4103-992D-6A0FE67BB48A}.Debug|x86.ActiveCfg = Debug|Any CPU
		{88834161-D302-4103-992D-6A0FE67BB48A}.Debug|x86.Build.0 = Debug|Any CPU
		{88834161-D302-4103-992D-6A0FE67BB48A}.Release|Any CPU.ActiveCfg = Release|Any CPU
		{88834161-D302-4103-992D-6A0FE67BB48A}.Release|Any CPU.Build.0 = Release|Any CPU
		{88834161-D302-4103-992D-6A0FE67BB48A}.Release|x86.ActiveCfg = Release|Any CPU
		{88834161-D302-4103-992D-6A0FE67BB48A}.Release|x86.Build.0 = Release|Any CPU
		{CCF4E173-126D-40A3-8B7E-A9454C305D34}.Debug|Any CPU.ActiveCfg = Debug|Any CPU
		{CCF4E173-126D-40A3-8B7E-A9454C305D34}.Debug|Any CPU.Build.0 = Debug|Any CPU
		{CCF4E173-126D-40A3-8B7E-A9454C305D34}.Debug|x86.ActiveCfg = Debug|Any CPU
		{CCF4E173-126D-40A3-8B7E-A9454C305D34}.Debug|x86.Build.0 = Debug|Any CPU
		{CCF4E173-126D-40A3-8B7E-A9454C305D34}.Release|Any CPU.ActiveCfg = Release|Any CPU
		{CCF4E173-126D-40A3-8B7E-A9454C305D34}.Release|Any CPU.Build.0 = Release|Any CPU
		{CCF4E173-126D-40A3-8B7E-A9454C305D34}.Release|x86.ActiveCfg = Release|Any CPU
		{CCF4E173-126D-40A3-8B7E-A9454C305D34}.Release|x86.Build.0 = Release|Any CPU
		{154F737E-93A3-4689-8305-02381EAC315E}.Debug|Any CPU.ActiveCfg = Debug|Any CPU
		{154F737E-93A3-4689-8305-02381EAC315E}.Debug|Any CPU.Build.0 = Debug|Any CPU
		{154F737E-93A3-4689-8305-02381EAC315E}.Debug|x86.ActiveCfg = Debug|Any CPU
		{154F737E-93A3-4689-8305-02381EAC315E}.Debug|x86.Build.0 = Debug|Any CPU
		{154F737E-93A3-4689-8305-02381EAC315E}.Release|Any CPU.ActiveCfg = Release|Any CPU
		{154F737E-93A3-4689-8305-02381EAC315E}.Release|Any CPU.Build.0 = Release|Any CPU
		{154F737E-93A3-4689-8305-02381EAC315E}.Release|x86.ActiveCfg = Release|Any CPU
		{154F737E-93A3-4689-8305-02381EAC315E}.Release|x86.Build.0 = Release|Any CPU
		{5F187043-169D-4615-BEF9-2CE1BEA904C4}.Debug|Any CPU.ActiveCfg = Debug|Any CPU
		{5F187043-169D-4615-BEF9-2CE1BEA904C4}.Debug|Any CPU.Build.0 = Debug|Any CPU
		{5F187043-169D-4615-BEF9-2CE1BEA904C4}.Debug|x86.ActiveCfg = Debug|Any CPU
		{5F187043-169D-4615-BEF9-2CE1BEA904C4}.Debug|x86.Build.0 = Debug|Any CPU
		{5F187043-169D-4615-BEF9-2CE1BEA904C4}.Release|Any CPU.ActiveCfg = Release|Any CPU
		{5F187043-169D-4615-BEF9-2CE1BEA904C4}.Release|Any CPU.Build.0 = Release|Any CPU
		{5F187043-169D-4615-BEF9-2CE1BEA904C4}.Release|x86.ActiveCfg = Release|Any CPU
		{5F187043-169D-4615-BEF9-2CE1BEA904C4}.Release|x86.Build.0 = Release|Any CPU
		{FF4B4293-51A8-499B-A191-344D01D75CD0}.Debug|Any CPU.ActiveCfg = Debug|Any CPU
		{FF4B4293-51A8-499B-A191-344D01D75CD0}.Debug|Any CPU.Build.0 = Debug|Any CPU
		{FF4B4293-51A8-499B-A191-344D01D75CD0}.Debug|x86.ActiveCfg = Debug|Any CPU
		{FF4B4293-51A8-499B-A191-344D01D75CD0}.Debug|x86.Build.0 = Debug|Any CPU
		{FF4B4293-51A8-499B-A191-344D01D75CD0}.Release|Any CPU.ActiveCfg = Release|Any CPU
		{FF4B4293-51A8-499B-A191-344D01D75CD0}.Release|Any CPU.Build.0 = Release|Any CPU
		{FF4B4293-51A8-499B-A191-344D01D75CD0}.Release|x86.ActiveCfg = Release|Any CPU
		{FF4B4293-51A8-499B-A191-344D01D75CD0}.Release|x86.Build.0 = Release|Any CPU
		{5840FD5F-5D34-4898-A2CB-C00EDB0134E3}.Debug|Any CPU.ActiveCfg = Debug|Any CPU
		{5840FD5F-5D34-4898-A2CB-C00EDB0134E3}.Debug|Any CPU.Build.0 = Debug|Any CPU
		{5840FD5F-5D34-4898-A2CB-C00EDB0134E3}.Debug|x86.ActiveCfg = Debug|Any CPU
		{5840FD5F-5D34-4898-A2CB-C00EDB0134E3}.Debug|x86.Build.0 = Debug|Any CPU
		{5840FD5F-5D34-4898-A2CB-C00EDB0134E3}.Release|Any CPU.ActiveCfg = Release|Any CPU
		{5840FD5F-5D34-4898-A2CB-C00EDB0134E3}.Release|Any CPU.Build.0 = Release|Any CPU
		{5840FD5F-5D34-4898-A2CB-C00EDB0134E3}.Release|x86.ActiveCfg = Release|Any CPU
		{5840FD5F-5D34-4898-A2CB-C00EDB0134E3}.Release|x86.Build.0 = Release|Any CPU
		{99125C6E-A9A0-4C5B-A594-43E2E66BDE2A}.Debug|Any CPU.ActiveCfg = Debug|Any CPU
		{99125C6E-A9A0-4C5B-A594-43E2E66BDE2A}.Debug|Any CPU.Build.0 = Debug|Any CPU
		{99125C6E-A9A0-4C5B-A594-43E2E66BDE2A}.Debug|x86.ActiveCfg = Debug|Any CPU
		{99125C6E-A9A0-4C5B-A594-43E2E66BDE2A}.Debug|x86.Build.0 = Debug|Any CPU
		{99125C6E-A9A0-4C5B-A594-43E2E66BDE2A}.Release|Any CPU.ActiveCfg = Release|Any CPU
		{99125C6E-A9A0-4C5B-A594-43E2E66BDE2A}.Release|Any CPU.Build.0 = Release|Any CPU
		{99125C6E-A9A0-4C5B-A594-43E2E66BDE2A}.Release|x86.ActiveCfg = Release|Any CPU
		{99125C6E-A9A0-4C5B-A594-43E2E66BDE2A}.Release|x86.Build.0 = Release|Any CPU
		{5A89E071-CBEC-412C-9E96-AE5B37884272}.Debug|Any CPU.ActiveCfg = Debug|Any CPU
		{5A89E071-CBEC-412C-9E96-AE5B37884272}.Debug|Any CPU.Build.0 = Debug|Any CPU
		{5A89E071-CBEC-412C-9E96-AE5B37884272}.Debug|x86.ActiveCfg = Debug|Any CPU
		{5A89E071-CBEC-412C-9E96-AE5B37884272}.Debug|x86.Build.0 = Debug|Any CPU
		{5A89E071-CBEC-412C-9E96-AE5B37884272}.Release|Any CPU.ActiveCfg = Release|Any CPU
		{5A89E071-CBEC-412C-9E96-AE5B37884272}.Release|Any CPU.Build.0 = Release|Any CPU
		{5A89E071-CBEC-412C-9E96-AE5B37884272}.Release|x86.ActiveCfg = Release|Any CPU
		{5A89E071-CBEC-412C-9E96-AE5B37884272}.Release|x86.Build.0 = Release|Any CPU
		{8CB0140E-4676-499D-82F4-C10D1A7C8698}.Debug|Any CPU.ActiveCfg = Debug|Any CPU
		{8CB0140E-4676-499D-82F4-C10D1A7C8698}.Debug|Any CPU.Build.0 = Debug|Any CPU
		{8CB0140E-4676-499D-82F4-C10D1A7C8698}.Debug|x86.ActiveCfg = Debug|Any CPU
		{8CB0140E-4676-499D-82F4-C10D1A7C8698}.Debug|x86.Build.0 = Debug|Any CPU
		{8CB0140E-4676-499D-82F4-C10D1A7C8698}.Release|Any CPU.ActiveCfg = Release|Any CPU
		{8CB0140E-4676-499D-82F4-C10D1A7C8698}.Release|Any CPU.Build.0 = Release|Any CPU
		{8CB0140E-4676-499D-82F4-C10D1A7C8698}.Release|x86.ActiveCfg = Release|Any CPU
		{8CB0140E-4676-499D-82F4-C10D1A7C8698}.Release|x86.Build.0 = Release|Any CPU
		{08AD12E7-54E1-4C12-8E60-1DD4AD8B0040}.Debug|Any CPU.ActiveCfg = Debug|x86
		{08AD12E7-54E1-4C12-8E60-1DD4AD8B0040}.Debug|x86.ActiveCfg = Debug|x86
		{08AD12E7-54E1-4C12-8E60-1DD4AD8B0040}.Debug|x86.Build.0 = Debug|x86
		{08AD12E7-54E1-4C12-8E60-1DD4AD8B0040}.Release|Any CPU.ActiveCfg = Release|x86
		{08AD12E7-54E1-4C12-8E60-1DD4AD8B0040}.Release|x86.ActiveCfg = Release|x86
		{08AD12E7-54E1-4C12-8E60-1DD4AD8B0040}.Release|x86.Build.0 = Release|x86
		{C997F595-A54B-47FC-9AD1-28136D37359F}.Debug|Any CPU.ActiveCfg = Debug|Any CPU
		{C997F595-A54B-47FC-9AD1-28136D37359F}.Debug|Any CPU.Build.0 = Debug|Any CPU
		{C997F595-A54B-47FC-9AD1-28136D37359F}.Debug|x86.ActiveCfg = Debug|Any CPU
		{C997F595-A54B-47FC-9AD1-28136D37359F}.Debug|x86.Build.0 = Debug|Any CPU
		{C997F595-A54B-47FC-9AD1-28136D37359F}.Release|Any CPU.ActiveCfg = Release|Any CPU
		{C997F595-A54B-47FC-9AD1-28136D37359F}.Release|Any CPU.Build.0 = Release|Any CPU
		{C997F595-A54B-47FC-9AD1-28136D37359F}.Release|x86.ActiveCfg = Release|Any CPU
		{C997F595-A54B-47FC-9AD1-28136D37359F}.Release|x86.Build.0 = Release|Any CPU
		{7D3A53E5-0487-4885-90D2-F1E9640F0C27}.Debug|Any CPU.ActiveCfg = Debug|Any CPU
		{7D3A53E5-0487-4885-90D2-F1E9640F0C27}.Debug|Any CPU.Build.0 = Debug|Any CPU
		{7D3A53E5-0487-4885-90D2-F1E9640F0C27}.Debug|x86.ActiveCfg = Debug|Any CPU
		{7D3A53E5-0487-4885-90D2-F1E9640F0C27}.Debug|x86.Build.0 = Debug|Any CPU
		{7D3A53E5-0487-4885-90D2-F1E9640F0C27}.Release|Any CPU.ActiveCfg = Release|Any CPU
		{7D3A53E5-0487-4885-90D2-F1E9640F0C27}.Release|Any CPU.Build.0 = Release|Any CPU
		{7D3A53E5-0487-4885-90D2-F1E9640F0C27}.Release|x86.ActiveCfg = Release|Any CPU
		{7D3A53E5-0487-4885-90D2-F1E9640F0C27}.Release|x86.Build.0 = Release|Any CPU
	EndGlobalSection
	GlobalSection(SolutionProperties) = preSolution
		HideSolutionNode = FALSE
	EndGlobalSection
	GlobalSection(NestedProjects) = preSolution
		{88834161-D302-4103-992D-6A0FE67BB48A} = {1E9AB194-9EBA-4BDB-847C-258B672FB435}
		{CCF4E173-126D-40A3-8B7E-A9454C305D34} = {1E9AB194-9EBA-4BDB-847C-258B672FB435}
		{154F737E-93A3-4689-8305-02381EAC315E} = {2AF7DCA5-37D6-47C8-AFA8-790A398305F7}
		{5F187043-169D-4615-BEF9-2CE1BEA904C4} = {2AF7DCA5-37D6-47C8-AFA8-790A398305F7}
		{FF4B4293-51A8-499B-A191-344D01D75CD0} = {75A0638D-8D96-4525-A470-04AAD25A751C}
		{5840FD5F-5D34-4898-A2CB-C00EDB0134E3} = {2AF7DCA5-37D6-47C8-AFA8-790A398305F7}
		{99125C6E-A9A0-4C5B-A594-43E2E66BDE2A} = {86DA6934-BC32-4EE5-82D4-74A5017A3C5D}
		{5A89E071-CBEC-412C-9E96-AE5B37884272} = {86DA6934-BC32-4EE5-82D4-74A5017A3C5D}
		{8CB0140E-4676-499D-82F4-C10D1A7C8698} = {86DA6934-BC32-4EE5-82D4-74A5017A3C5D}
		{8DE23041-10D3-498B-9915-98D894223A28} = {1E9AB194-9EBA-4BDB-847C-258B672FB435}
		{08AD12E7-54E1-4C12-8E60-1DD4AD8B0040} = {8DE23041-10D3-498B-9915-98D894223A28}
		{6710CBF0-1D6D-436C-A364-C54EEA9DB357} = {3122C863-930D-47E8-AA89-01390B5A0F20}
		{C997F595-A54B-47FC-9AD1-28136D37359F} = {6710CBF0-1D6D-436C-A364-C54EEA9DB357}
		{7D3A53E5-0487-4885-90D2-F1E9640F0C27} = {6710CBF0-1D6D-436C-A364-C54EEA9DB357}
	EndGlobalSection
	GlobalSection(ExtensibilityGlobals) = postSolution
		SolutionGuid = {EC89ABA1-2ACE-4DDF-98B0-5853F9ABEA26}
	EndGlobalSection
EndGlobal
