
Microsoft Visual Studio Solution File, Format Version 12.00
# Visual Studio Version 16
VisualStudioVersion = 16.0.31005.135
MinimumVisualStudioVersion = 10.0.40219.1
Project("{FAE04EC0-301F-11D3-BF4B-00C04F79EFBC}") = "ApplicationWatcherService.Api", "ApplicationWatcherService.Api\ApplicationWatcherService.Api.csproj", "{88834161-D302-4103-992D-6A0FE67BB48A}"
EndProject
Project("{FAE04EC0-301F-11D3-BF4B-00C04F79EFBC}") = "ApplicationWatcherService.Utils", "ApplicationWatcherService.Utils\ApplicationWatcherService.Utils.csproj", "{CCF4E173-126D-40A3-8B7E-A9454C305D34}"
EndProject
Global
	GlobalSection(SolutionConfigurationPlatforms) = preSolution
		Debug|Any CPU = Debug|Any CPU
		Release|Any CPU = Release|Any CPU
	EndGlobalSection
	GlobalSection(ProjectConfigurationPlatforms) = postSolution
		{88834161-D302-4103-992D-6A0FE67BB48A}.Debug|Any CPU.ActiveCfg = Debug|Any CPU
		{88834161-D302-4103-992D-6A0FE67BB48A}.Debug|Any CPU.Build.0 = Debug|Any CPU
		{88834161-D302-4103-992D-6A0FE67BB48A}.Release|Any CPU.ActiveCfg = Release|Any CPU
		{88834161-D302-4103-992D-6A0FE67BB48A}.Release|Any CPU.Build.0 = Release|Any CPU
		{CCF4E173-126D-40A3-8B7E-A9454C305D34}.Debug|Any CPU.ActiveCfg = Debug|Any CPU
		{CCF4E173-126D-40A3-8B7E-A9454C305D34}.Debug|Any CPU.Build.0 = Debug|Any CPU
		{CCF4E173-126D-40A3-8B7E-A9454C305D34}.Release|Any CPU.ActiveCfg = Release|Any CPU
		{CCF4E173-126D-40A3-8B7E-A9454C305D34}.Release|Any CPU.Build.0 = Release|Any CPU
	EndGlobalSection
	GlobalSection(SolutionProperties) = preSolution
		HideSolutionNode = FALSE
	EndGlobalSection
	GlobalSection(ExtensibilityGlobals) = postSolution
		SolutionGuid = {EC89ABA1-2ACE-4DDF-98B0-5853F9ABEA26}
	EndGlobalSection
EndGlobal
