
Microsoft Visual Studio Solution File, Format Version 12.00
# Visual Studio Version 16
VisualStudioVersion = 16.0.31005.135
MinimumVisualStudioVersion = 10.0.40219.1
Project("{FAE04EC0-301F-11D3-BF4B-00C04F79EFBC}") = "ApplicationWatcherService.Api", "ApplicationWatcherService.Api\ApplicationWatcherService.Api.csproj", "{88834161-D302-4103-992D-6A0FE67BB48A}"
EndProject
Project("{FAE04EC0-301F-11D3-BF4B-00C04F79EFBC}") = "ApplicationWatcherService.Utils", "ApplicationWatcherService.Utils\ApplicationWatcherService.Utils.csproj", "{CCF4E173-126D-40A3-8B7E-A9454C305D34}"
EndProject
Project("{FAE04EC0-301F-11D3-BF4B-00C04F79EFBC}") = "ApplicationWatcherService.Grpc.Client", "ApplicationWatcherService.Grpc.Client\ApplicationWatcherService.Grpc.Client.csproj", "{154F737E-93A3-4689-8305-02381EAC315E}"
EndProject
Project("{FAE04EC0-301F-11D3-BF4B-00C04F79EFBC}") = "ApplicationWatcherService.Grpc.Core", "ApplicationWatcherService.Grpc.Core\ApplicationWatcherService.Grpc.Core.csproj", "{5F187043-169D-4615-BEF9-2CE1BEA904C4}"
EndProject
Project("{FAE04EC0-301F-11D3-BF4B-00C04F79EFBC}") = "ApplicationWatcherService.Http.Client", "ApplicationWatcherService.Http.Client\ApplicationWatcherService.Http.Client.csproj", "{FF4B4293-51A8-499B-A191-344D01D75CD0}"
EndProject
Global
	GlobalSection(SolutionConfigurationPlatforms) = preSolution
		Debug|Any CPU = Debug|Any CPU
		Release|Any CPU = Release|Any CPU
	EndGlobalSection
	GlobalSection(ProjectConfigurationPlatforms) = postSolution
		{88834161-D302-4103-992D-6A0FE67BB48A}.Debug|Any CPU.ActiveCfg = Debug|Any CPU
		{88834161-D302-4103-992D-6A0FE67BB48A}.Debug|Any CPU.Build.0 = Debug|Any CPU
		{88834161-D302-4103-992D-6A0FE67BB48A}.Release|Any CPU.ActiveCfg = Release|Any CPU
		{88834161-D302-4103-992D-6A0FE67BB48A}.Release|Any CPU.Build.0 = Release|Any CPU
		{CCF4E173-126D-40A3-8B7E-A9454C305D34}.Debug|Any CPU.ActiveCfg = Debug|Any CPU
		{CCF4E173-126D-40A3-8B7E-A9454C305D34}.Debug|Any CPU.Build.0 = Debug|Any CPU
		{CCF4E173-126D-40A3-8B7E-A9454C305D34}.Release|Any CPU.ActiveCfg = Release|Any CPU
		{CCF4E173-126D-40A3-8B7E-A9454C305D34}.Release|Any CPU.Build.0 = Release|Any CPU
		{154F737E-93A3-4689-8305-02381EAC315E}.Debug|Any CPU.ActiveCfg = Debug|Any CPU
		{154F737E-93A3-4689-8305-02381EAC315E}.Debug|Any CPU.Build.0 = Debug|Any CPU
		{154F737E-93A3-4689-8305-02381EAC315E}.Release|Any CPU.ActiveCfg = Release|Any CPU
		{154F737E-93A3-4689-8305-02381EAC315E}.Release|Any CPU.Build.0 = Release|Any CPU
		{5F187043-169D-4615-BEF9-2CE1BEA904C4}.Debug|Any CPU.ActiveCfg = Debug|Any CPU
		{5F187043-169D-4615-BEF9-2CE1BEA904C4}.Debug|Any CPU.Build.0 = Debug|Any CPU
		{5F187043-169D-4615-BEF9-2CE1BEA904C4}.Release|Any CPU.ActiveCfg = Release|Any CPU
		{5F187043-169D-4615-BEF9-2CE1BEA904C4}.Release|Any CPU.Build.0 = Release|Any CPU
		{FF4B4293-51A8-499B-A191-344D01D75CD0}.Debug|Any CPU.ActiveCfg = Debug|Any CPU
		{FF4B4293-51A8-499B-A191-344D01D75CD0}.Debug|Any CPU.Build.0 = Debug|Any CPU
		{FF4B4293-51A8-499B-A191-344D01D75CD0}.Release|Any CPU.ActiveCfg = Release|Any CPU
		{FF4B4293-51A8-499B-A191-344D01D75CD0}.Release|Any CPU.Build.0 = Release|Any CPU
	EndGlobalSection
	GlobalSection(SolutionProperties) = preSolution
		HideSolutionNode = FALSE
	EndGlobalSection
	GlobalSection(ExtensibilityGlobals) = postSolution
		SolutionGuid = {EC89ABA1-2ACE-4DDF-98B0-5853F9ABEA26}
	EndGlobalSection
EndGlobal
